
Microsoft Visual Studio Solution File, Format Version 12.00
# Visual Studio Version 17
VisualStudioVersion = 17.6.33815.320
MinimumVisualStudioVersion = 10.0.40219.1
Project("{9A19103F-16F7-4668-BE54-9A1E7A4F7556}") = "KarmachariApi", "KarmachariApi\KarmachariApi.csproj", "{973B8114-C1EF-4130-9FE2-5D095BF7816F}"
EndProject
Project("{2150E333-8FDC-42A3-9474-1A3956D46DE8}") = "03-Bridge", "03-Bridge", "{F51458D6-AE33-4399-B36B-6A63DF8AF30B}"
EndProject
Project("{9A19103F-16F7-4668-BE54-9A1E7A4F7556}") = "Bridge", "Bridge\Bridge.csproj", "{D11F60D8-BBE9-484D-A35F-90C877A94669}"
EndProject
Project("{2150E333-8FDC-42A3-9474-1A3956D46DE8}") = "02-BusinessAccessLayer", "02-BusinessAccessLayer", "{AF428502-FDFD-4BDC-B6E3-2B7635A0570F}"
EndProject
Project("{2150E333-8FDC-42A3-9474-1A3956D46DE8}") = "Contracts", "Contracts", "{85B25D59-CCDD-4AF6-8016-068C93D1B73D}"
EndProject
Project("{2150E333-8FDC-42A3-9474-1A3956D46DE8}") = "Services", "Services", "{C0597D3D-26C4-4E3E-8AA6-B836BEF5E1EF}"
EndProject
Project("{2150E333-8FDC-42A3-9474-1A3956D46DE8}") = "01-Api", "01-Api", "{A7C850CE-1C07-486C-BE42-638AF3B6F0B4}"
EndProject
Project("{FAE04EC0-301F-11D3-BF4B-00C04F79EFBC}") = "BusinessContracts", "BusinessContracts\BusinessContracts.csproj", "{4FA6F797-C37B-4E1E-82D3-6D9F3CF31A97}"
EndProject
Project("{FAE04EC0-301F-11D3-BF4B-00C04F79EFBC}") = "BusinessServices", "BusinessServices\BusinessServices.csproj", "{D1BC8612-CFDC-42CD-9628-BAF650B41BA9}"
EndProject
Project("{2150E333-8FDC-42A3-9474-1A3956D46DE8}") = "04-DataAccessLayer", "04-DataAccessLayer", "{4FE044BD-AA90-4C81-814D-A2CAD917DA99}"
EndProject
Project("{2150E333-8FDC-42A3-9474-1A3956D46DE8}") = "Contracts", "Contracts", "{ABCBF836-27A8-40F3-9F62-80C6D5876CA5}"
EndProject
Project("{2150E333-8FDC-42A3-9474-1A3956D46DE8}") = "Repositories", "Repositories", "{E86B60A0-C925-462A-87D8-80F4FE9CA8CA}"
EndProject
Project("{FAE04EC0-301F-11D3-BF4B-00C04F79EFBC}") = "DataContracts", "DataContracts\DataContracts.csproj", "{491FB158-0D1F-44DE-B3C3-F3D2BE58E562}"
EndProject
Project("{FAE04EC0-301F-11D3-BF4B-00C04F79EFBC}") = "DataRepositories", "DataRepositories\DataRepositories.csproj", "{059FEF52-22FF-4192-A8DB-825EBD3BF8B4}"
EndProject
Project("{2150E333-8FDC-42A3-9474-1A3956D46DE8}") = "05-EntityModels", "05-EntityModels", "{FD8F678A-EF19-4E19-AA32-C1BEE6072529}"
EndProject
Project("{FAE04EC0-301F-11D3-BF4B-00C04F79EFBC}") = "BusinessEntityModels", "BusinessEntityModels\BusinessEntityModels.csproj", "{5DF269B5-945A-48BE-90BB-7F5F2AC9133B}"
EndProject
Project("{FAE04EC0-301F-11D3-BF4B-00C04F79EFBC}") = "DataEntityModels", "DataEntityModels\DataEntityModels.csproj", "{60FA759D-522C-4DB3-B0B5-3E3B8CBD64A2}"
EndProject
Project("{2150E333-8FDC-42A3-9474-1A3956D46DE8}") = "06-GlobalHelpers", "06-GlobalHelpers", "{46AF8B28-99EE-4836-A6FD-5AF2C18719DC}"
EndProject
Project("{FAE04EC0-301F-11D3-BF4B-00C04F79EFBC}") = "GlobalHelpers", "GlobalHelpers\GlobalHelpers.csproj", "{357AB7D5-6D1E-4E0E-B8E4-D2BBCB72069C}"
EndProject
Project("{2150E333-8FDC-42A3-9474-1A3956D46DE8}") = "07-EFDbContext", "07-EFDbContext", "{86416A7E-054A-4917-80C1-F98D67B852E1}"
EndProject
Project("{FAE04EC0-301F-11D3-BF4B-00C04F79EFBC}") = "EntityDbContext", "EntityDbContext\EntityDbContext.csproj", "{A1E7076A-8D6D-45BA-86C4-E5B898C60618}"
EndProject
Global
	GlobalSection(SolutionConfigurationPlatforms) = preSolution
		Debug|Any CPU = Debug|Any CPU
		Release|Any CPU = Release|Any CPU
	EndGlobalSection
	GlobalSection(ProjectConfigurationPlatforms) = postSolution
		{973B8114-C1EF-4130-9FE2-5D095BF7816F}.Debug|Any CPU.ActiveCfg = Debug|Any CPU
		{973B8114-C1EF-4130-9FE2-5D095BF7816F}.Debug|Any CPU.Build.0 = Debug|Any CPU
		{973B8114-C1EF-4130-9FE2-5D095BF7816F}.Release|Any CPU.ActiveCfg = Release|Any CPU
		{973B8114-C1EF-4130-9FE2-5D095BF7816F}.Release|Any CPU.Build.0 = Release|Any CPU
		{D11F60D8-BBE9-484D-A35F-90C877A94669}.Debug|Any CPU.ActiveCfg = Debug|Any CPU
		{D11F60D8-BBE9-484D-A35F-90C877A94669}.Debug|Any CPU.Build.0 = Debug|Any CPU
		{D11F60D8-BBE9-484D-A35F-90C877A94669}.Release|Any CPU.ActiveCfg = Release|Any CPU
		{D11F60D8-BBE9-484D-A35F-90C877A94669}.Release|Any CPU.Build.0 = Release|Any CPU
		{4FA6F797-C37B-4E1E-82D3-6D9F3CF31A97}.Debug|Any CPU.ActiveCfg = Debug|Any CPU
		{4FA6F797-C37B-4E1E-82D3-6D9F3CF31A97}.Debug|Any CPU.Build.0 = Debug|Any CPU
		{4FA6F797-C37B-4E1E-82D3-6D9F3CF31A97}.Release|Any CPU.ActiveCfg = Release|Any CPU
		{4FA6F797-C37B-4E1E-82D3-6D9F3CF31A97}.Release|Any CPU.Build.0 = Release|Any CPU
		{D1BC8612-CFDC-42CD-9628-BAF650B41BA9}.Debug|Any CPU.ActiveCfg = Debug|Any CPU
		{D1BC8612-CFDC-42CD-9628-BAF650B41BA9}.Debug|Any CPU.Build.0 = Debug|Any CPU
		{D1BC8612-CFDC-42CD-9628-BAF650B41BA9}.Release|Any CPU.ActiveCfg = Release|Any CPU
		{D1BC8612-CFDC-42CD-9628-BAF650B41BA9}.Release|Any CPU.Build.0 = Release|Any CPU
		{491FB158-0D1F-44DE-B3C3-F3D2BE58E562}.Debug|Any CPU.ActiveCfg = Debug|Any CPU
		{491FB158-0D1F-44DE-B3C3-F3D2BE58E562}.Debug|Any CPU.Build.0 = Debug|Any CPU
		{491FB158-0D1F-44DE-B3C3-F3D2BE58E562}.Release|Any CPU.ActiveCfg = Release|Any CPU
		{491FB158-0D1F-44DE-B3C3-F3D2BE58E562}.Release|Any CPU.Build.0 = Release|Any CPU
		{059FEF52-22FF-4192-A8DB-825EBD3BF8B4}.Debug|Any CPU.ActiveCfg = Debug|Any CPU
		{059FEF52-22FF-4192-A8DB-825EBD3BF8B4}.Debug|Any CPU.Build.0 = Debug|Any CPU
		{059FEF52-22FF-4192-A8DB-825EBD3BF8B4}.Release|Any CPU.ActiveCfg = Release|Any CPU
		{059FEF52-22FF-4192-A8DB-825EBD3BF8B4}.Release|Any CPU.Build.0 = Release|Any CPU
		{5DF269B5-945A-48BE-90BB-7F5F2AC9133B}.Debug|Any CPU.ActiveCfg = Debug|Any CPU
		{5DF269B5-945A-48BE-90BB-7F5F2AC9133B}.Debug|Any CPU.Build.0 = Debug|Any CPU
		{5DF269B5-945A-48BE-90BB-7F5F2AC9133B}.Release|Any CPU.ActiveCfg = Release|Any CPU
		{5DF269B5-945A-48BE-90BB-7F5F2AC9133B}.Release|Any CPU.Build.0 = Release|Any CPU
		{60FA759D-522C-4DB3-B0B5-3E3B8CBD64A2}.Debug|Any CPU.ActiveCfg = Debug|Any CPU
		{60FA759D-522C-4DB3-B0B5-3E3B8CBD64A2}.Debug|Any CPU.Build.0 = Debug|Any CPU
		{60FA759D-522C-4DB3-B0B5-3E3B8CBD64A2}.Release|Any CPU.ActiveCfg = Release|Any CPU
		{60FA759D-522C-4DB3-B0B5-3E3B8CBD64A2}.Release|Any CPU.Build.0 = Release|Any CPU
		{357AB7D5-6D1E-4E0E-B8E4-D2BBCB72069C}.Debug|Any CPU.ActiveCfg = Debug|Any CPU
		{357AB7D5-6D1E-4E0E-B8E4-D2BBCB72069C}.Debug|Any CPU.Build.0 = Debug|Any CPU
		{357AB7D5-6D1E-4E0E-B8E4-D2BBCB72069C}.Release|Any CPU.ActiveCfg = Release|Any CPU
		{357AB7D5-6D1E-4E0E-B8E4-D2BBCB72069C}.Release|Any CPU.Build.0 = Release|Any CPU
		{A1E7076A-8D6D-45BA-86C4-E5B898C60618}.Debug|Any CPU.ActiveCfg = Debug|Any CPU
		{A1E7076A-8D6D-45BA-86C4-E5B898C60618}.Debug|Any CPU.Build.0 = Debug|Any CPU
		{A1E7076A-8D6D-45BA-86C4-E5B898C60618}.Release|Any CPU.ActiveCfg = Release|Any CPU
		{A1E7076A-8D6D-45BA-86C4-E5B898C60618}.Release|Any CPU.Build.0 = Release|Any CPU
	EndGlobalSection
	GlobalSection(SolutionProperties) = preSolution
		HideSolutionNode = FALSE
	EndGlobalSection
	GlobalSection(NestedProjects) = preSolution
		{973B8114-C1EF-4130-9FE2-5D095BF7816F} = {A7C850CE-1C07-486C-BE42-638AF3B6F0B4}
		{D11F60D8-BBE9-484D-A35F-90C877A94669} = {F51458D6-AE33-4399-B36B-6A63DF8AF30B}
		{85B25D59-CCDD-4AF6-8016-068C93D1B73D} = {AF428502-FDFD-4BDC-B6E3-2B7635A0570F}
		{C0597D3D-26C4-4E3E-8AA6-B836BEF5E1EF} = {AF428502-FDFD-4BDC-B6E3-2B7635A0570F}
		{4FA6F797-C37B-4E1E-82D3-6D9F3CF31A97} = {85B25D59-CCDD-4AF6-8016-068C93D1B73D}
		{D1BC8612-CFDC-42CD-9628-BAF650B41BA9} = {C0597D3D-26C4-4E3E-8AA6-B836BEF5E1EF}
		{ABCBF836-27A8-40F3-9F62-80C6D5876CA5} = {4FE044BD-AA90-4C81-814D-A2CAD917DA99}
		{E86B60A0-C925-462A-87D8-80F4FE9CA8CA} = {4FE044BD-AA90-4C81-814D-A2CAD917DA99}
		{491FB158-0D1F-44DE-B3C3-F3D2BE58E562} = {ABCBF836-27A8-40F3-9F62-80C6D5876CA5}
		{059FEF52-22FF-4192-A8DB-825EBD3BF8B4} = {E86B60A0-C925-462A-87D8-80F4FE9CA8CA}
		{5DF269B5-945A-48BE-90BB-7F5F2AC9133B} = {FD8F678A-EF19-4E19-AA32-C1BEE6072529}
		{60FA759D-522C-4DB3-B0B5-3E3B8CBD64A2} = {FD8F678A-EF19-4E19-AA32-C1BEE6072529}
		{357AB7D5-6D1E-4E0E-B8E4-D2BBCB72069C} = {46AF8B28-99EE-4836-A6FD-5AF2C18719DC}
		{A1E7076A-8D6D-45BA-86C4-E5B898C60618} = {86416A7E-054A-4917-80C1-F98D67B852E1}
	EndGlobalSection
	GlobalSection(ExtensibilityGlobals) = postSolution
		SolutionGuid = {C037C6DD-6F9D-4648-87FE-032991485DE9}
	EndGlobalSection
EndGlobal
